
Microsoft Visual Studio Solution File, Format Version 12.00
# Visual Studio Version 17
VisualStudioVersion = 17.10.34928.147
MinimumVisualStudioVersion = 10.0.40219.1
Project("{FAE04EC0-301F-11D3-BF4B-00C04F79EFBC}") = "LibraryConsole03.06", "LibraryConsole03.06\LibraryConsole03.06.csproj", "{83986316-4766-42FF-BA31-BF51798FD7FC}"
EndProject
Global
	GlobalSection(SolutionConfigurationPlatforms) = preSolution
		Debug|Any CPU = Debug|Any CPU
		Release|Any CPU = Release|Any CPU
	EndGlobalSection
	GlobalSection(ProjectConfigurationPlatforms) = postSolution
		{83986316-4766-42FF-BA31-BF51798FD7FC}.Debug|Any CPU.ActiveCfg = Debug|Any CPU
		{83986316-4766-42FF-BA31-BF51798FD7FC}.Debug|Any CPU.Build.0 = Debug|Any CPU
		{83986316-4766-42FF-BA31-BF51798FD7FC}.Release|Any CPU.ActiveCfg = Release|Any CPU
		{83986316-4766-42FF-BA31-BF51798FD7FC}.Release|Any CPU.Build.0 = Release|Any CPU
	EndGlobalSection
	GlobalSection(SolutionProperties) = preSolution
		HideSolutionNode = FALSE
	EndGlobalSection
	GlobalSection(ExtensibilityGlobals) = postSolution
		SolutionGuid = {EBD54ED9-9AB1-4EC6-BE72-C91491ED1CB9}
	EndGlobalSection
EndGlobal
